
Microsoft Visual Studio Solution File, Format Version 12.00
# Visual Studio Version 16
VisualStudioVersion = 16.0.31911.196
MinimumVisualStudioVersion = 10.0.40219.1
Project("{FAE04EC0-301F-11D3-BF4B-00C04F79EFBC}") = "Employee Management System in Csharp", "Employee Management System\Employee Management System in Csharp.csproj", "{CAF5C996-46A9-4C6F-8148-C30EC1DCBAC5}"
EndProject
Global
	GlobalSection(SolutionConfigurationPlatforms) = preSolution
		Debug|x86 = Debug|x86
		Release|x86 = Release|x86
	EndGlobalSection
	GlobalSection(ProjectConfigurationPlatforms) = postSolution
		{CAF5C996-46A9-4C6F-8148-C30EC1DCBAC5}.Debug|x86.ActiveCfg = Debug|x86
		{CAF5C996-46A9-4C6F-8148-C30EC1DCBAC5}.Debug|x86.Build.0 = Debug|x86
		{CAF5C996-46A9-4C6F-8148-C30EC1DCBAC5}.Release|x86.ActiveCfg = Release|x86
		{CAF5C996-46A9-4C6F-8148-C30EC1DCBAC5}.Release|x86.Build.0 = Release|x86
	EndGlobalSection
	GlobalSection(SolutionProperties) = preSolution
		HideSolutionNode = FALSE
	EndGlobalSection
	GlobalSection(ExtensibilityGlobals) = postSolution
		SolutionGuid = {63D91C6D-C2AE-4573-BD12-D6C17DB4C741}
	EndGlobalSection
EndGlobal
